
Microsoft Visual Studio Solution File, Format Version 12.00
# Visual Studio 15
VisualStudioVersion = 15.0.27428.2027
MinimumVisualStudioVersion = 10.0.40219.1
Project("{FAE04EC0-301F-11D3-BF4B-00C04F79EFBC}") = "PerfectSquaresTivaR", "PerfectSquaresTivaR\PerfectSquaresTivaR.csproj", "{BA774946-9EA4-4DF8-AB7A-AB2F9C062EBC}"
EndProject
Global
	GlobalSection(SolutionConfigurationPlatforms) = preSolution
		Debug|Any CPU = Debug|Any CPU
		Release|Any CPU = Release|Any CPU
	EndGlobalSection
	GlobalSection(ProjectConfigurationPlatforms) = postSolution
		{BA774946-9EA4-4DF8-AB7A-AB2F9C062EBC}.Debug|Any CPU.ActiveCfg = Debug|Any CPU
		{BA774946-9EA4-4DF8-AB7A-AB2F9C062EBC}.Debug|Any CPU.Build.0 = Debug|Any CPU
		{BA774946-9EA4-4DF8-AB7A-AB2F9C062EBC}.Release|Any CPU.ActiveCfg = Release|Any CPU
		{BA774946-9EA4-4DF8-AB7A-AB2F9C062EBC}.Release|Any CPU.Build.0 = Release|Any CPU
	EndGlobalSection
	GlobalSection(SolutionProperties) = preSolution
		HideSolutionNode = FALSE
	EndGlobalSection
	GlobalSection(ExtensibilityGlobals) = postSolution
		SolutionGuid = {53996430-E8A1-42EF-B16C-3097564F1E8F}
	EndGlobalSection
EndGlobal
